
Microsoft Visual Studio Solution File, Format Version 12.00
# Visual Studio Version 17
VisualStudioVersion = 17.11.35327.3
MinimumVisualStudioVersion = 10.0.40219.1
Project("{9A19103F-16F7-4668-BE54-9A1E7A4F7556}") = "Sociedad Correa Web", "Sociedad Correa Web\Sociedad Correa Web.csproj", "{8433BBF5-C4A8-483F-8151-A1D2DED345CA}"
EndProject
Global
	GlobalSection(SolutionConfigurationPlatforms) = preSolution
		Debug|Any CPU = Debug|Any CPU
		Release|Any CPU = Release|Any CPU
	EndGlobalSection
	GlobalSection(ProjectConfigurationPlatforms) = postSolution
		{8433BBF5-C4A8-483F-8151-A1D2DED345CA}.Debug|Any CPU.ActiveCfg = Debug|Any CPU
		{8433BBF5-C4A8-483F-8151-A1D2DED345CA}.Debug|Any CPU.Build.0 = Debug|Any CPU
		{8433BBF5-C4A8-483F-8151-A1D2DED345CA}.Release|Any CPU.ActiveCfg = Release|Any CPU
		{8433BBF5-C4A8-483F-8151-A1D2DED345CA}.Release|Any CPU.Build.0 = Release|Any CPU
	EndGlobalSection
	GlobalSection(SolutionProperties) = preSolution
		HideSolutionNode = FALSE
	EndGlobalSection
	GlobalSection(ExtensibilityGlobals) = postSolution
		SolutionGuid = {DBAB4618-9886-4DFE-88E3-0296AEFFCACB}
	EndGlobalSection
EndGlobal
